
Microsoft Visual Studio Solution File, Format Version 12.00
# Visual Studio Version 16
VisualStudioVersion = 16.0.29519.181
MinimumVisualStudioVersion = 10.0.40219.1
Project("{FAE04EC0-301F-11D3-BF4B-00C04F79EFBC}") = "FarmersMarket", "FarmersMarket\FarmersMarket.csproj", "{45021DC8-B068-426C-84D7-F449C868A7E0}"
EndProject
Global
	GlobalSection(SolutionConfigurationPlatforms) = preSolution
		Debug|Any CPU = Debug|Any CPU
		Release|Any CPU = Release|Any CPU
	EndGlobalSection
	GlobalSection(ProjectConfigurationPlatforms) = postSolution
		{45021DC8-B068-426C-84D7-F449C868A7E0}.Debug|Any CPU.ActiveCfg = Debug|Any CPU
		{45021DC8-B068-426C-84D7-F449C868A7E0}.Debug|Any CPU.Build.0 = Debug|Any CPU
		{45021DC8-B068-426C-84D7-F449C868A7E0}.Release|Any CPU.ActiveCfg = Release|Any CPU
		{45021DC8-B068-426C-84D7-F449C868A7E0}.Release|Any CPU.Build.0 = Release|Any CPU
	EndGlobalSection
	GlobalSection(SolutionProperties) = preSolution
		HideSolutionNode = FALSE
	EndGlobalSection
	GlobalSection(ExtensibilityGlobals) = postSolution
		SolutionGuid = {4ECA4DE5-3380-42F6-9954-25FEE9A24DAC}
	EndGlobalSection
EndGlobal
